
Microsoft Visual Studio Solution File, Format Version 12.00
# Visual Studio 2013
VisualStudioVersion = 12.0.21005.1
MinimumVisualStudioVersion = 10.0.40219.1
Project("{FAE04EC0-301F-11D3-BF4B-00C04F79EFBC}") = "Webside", "Webside\Webside.csproj", "{B776EEAB-2068-4D9D-83C7-F56459FB5DCB}"
EndProject
Global
	GlobalSection(SolutionConfigurationPlatforms) = preSolution
		Debug|Any CPU = Debug|Any CPU
		Release|Any CPU = Release|Any CPU
	EndGlobalSection
	GlobalSection(ProjectConfigurationPlatforms) = postSolution
		{B776EEAB-2068-4D9D-83C7-F56459FB5DCB}.Debug|Any CPU.ActiveCfg = Debug|Any CPU
		{B776EEAB-2068-4D9D-83C7-F56459FB5DCB}.Debug|Any CPU.Build.0 = Debug|Any CPU
		{B776EEAB-2068-4D9D-83C7-F56459FB5DCB}.Release|Any CPU.ActiveCfg = Release|Any CPU
		{B776EEAB-2068-4D9D-83C7-F56459FB5DCB}.Release|Any CPU.Build.0 = Release|Any CPU
	EndGlobalSection
	GlobalSection(SolutionProperties) = preSolution
		HideSolutionNode = FALSE
	EndGlobalSection
EndGlobal
